
Microsoft Visual Studio Solution File, Format Version 12.00
# Visual Studio Version 17
VisualStudioVersion = 17.11.35327.3
MinimumVisualStudioVersion = 10.0.40219.1
Project("{FAE04EC0-301F-11D3-BF4B-00C04F79EFBC}") = "SistemaNotasAluno", "SistemaNotasAluno\SistemaNotasAluno.csproj", "{159984F1-2F7C-4091-ACA6-6506A47F5F90}"
EndProject
Global
	GlobalSection(SolutionConfigurationPlatforms) = preSolution
		Debug|Any CPU = Debug|Any CPU
		Release|Any CPU = Release|Any CPU
	EndGlobalSection
	GlobalSection(ProjectConfigurationPlatforms) = postSolution
		{159984F1-2F7C-4091-ACA6-6506A47F5F90}.Debug|Any CPU.ActiveCfg = Debug|Any CPU
		{159984F1-2F7C-4091-ACA6-6506A47F5F90}.Debug|Any CPU.Build.0 = Debug|Any CPU
		{159984F1-2F7C-4091-ACA6-6506A47F5F90}.Release|Any CPU.ActiveCfg = Release|Any CPU
		{159984F1-2F7C-4091-ACA6-6506A47F5F90}.Release|Any CPU.Build.0 = Release|Any CPU
	EndGlobalSection
	GlobalSection(SolutionProperties) = preSolution
		HideSolutionNode = FALSE
	EndGlobalSection
	GlobalSection(ExtensibilityGlobals) = postSolution
		SolutionGuid = {2964444B-073C-4729-B56D-B607DC5700C3}
	EndGlobalSection
EndGlobal
